
Microsoft Visual Studio Solution File, Format Version 12.00
# Visual Studio Version 17
VisualStudioVersion = 17.6.33829.357
MinimumVisualStudioVersion = 10.0.40219.1
Project("{888888A0-9F3D-457C-B088-3A5042F75D52}") = "citys", "citys.pyproj", "{BEB15310-DA3E-4906-9119-2898F2DE2174}"
EndProject
Global
	GlobalSection(SolutionConfigurationPlatforms) = preSolution
		Debug|Any CPU = Debug|Any CPU
		Release|Any CPU = Release|Any CPU
	EndGlobalSection
	GlobalSection(ProjectConfigurationPlatforms) = postSolution
		{BEB15310-DA3E-4906-9119-2898F2DE2174}.Debug|Any CPU.ActiveCfg = Debug|Any CPU
		{BEB15310-DA3E-4906-9119-2898F2DE2174}.Release|Any CPU.ActiveCfg = Release|Any CPU
	EndGlobalSection
	GlobalSection(SolutionProperties) = preSolution
		HideSolutionNode = FALSE
	EndGlobalSection
	GlobalSection(ExtensibilityGlobals) = postSolution
		SolutionGuid = {78D08B75-3859-442C-9FBB-A4482A378CBC}
	EndGlobalSection
EndGlobal
